
Microsoft Visual Studio Solution File, Format Version 11.00
# Visual Studio 2010
Project("{FAE04EC0-301F-11D3-BF4B-00C04F79EFBC}") = "UAV", "Assembly-CSharp.csproj", "{4B0AF740-4500-F169-9816-F659A3B9E4DE}"
EndProject
Global
	GlobalSection(SolutionConfigurationPlatforms) = preSolution
		Debug|Any CPU = Debug|Any CPU
		Release|Any CPU = Release|Any CPU
	EndGlobalSection
	GlobalSection(ProjectConfigurationPlatforms) = postSolution
		{4B0AF740-4500-F169-9816-F659A3B9E4DE}.Debug|Any CPU.ActiveCfg = Debug|Any CPU
		{4B0AF740-4500-F169-9816-F659A3B9E4DE}.Debug|Any CPU.Build.0 = Debug|Any CPU
		{4B0AF740-4500-F169-9816-F659A3B9E4DE}.Release|Any CPU.ActiveCfg = Release|Any CPU
		{4B0AF740-4500-F169-9816-F659A3B9E4DE}.Release|Any CPU.Build.0 = Release|Any CPU
	EndGlobalSection
	GlobalSection(SolutionProperties) = preSolution
		HideSolutionNode = FALSE
	EndGlobalSection
	GlobalSection(MonoDevelopProperties) = preSolution
		StartupItem = Assembly-CSharp.csproj
	EndGlobalSection
EndGlobal
